<Solution>
  <Project Path="src/WindowsSshEnabler.Core/WindowsSshEnabler.Core.csproj" />
  <Project Path="src/WindowsSshEnabler/WindowsSshEnabler.csproj" />
  <Project Path="tests/WindowsSshEnabler.Tests/WindowsSshEnabler.Tests.csproj" />
  <Project Path="tools/WindowsSshEnabler.DismProbe/WindowsSshEnabler.DismProbe.csproj" />
</Solution>
