{
  "version": 1,
  "dependencies": {
    "net10.0-windows7.0": {
      "windowssshenabler": {
        "type": "Project",
        "dependencies": {
          "WindowsSshEnabler.Core": "[1.0.0, )"
        }
      },
      "windowssshenabler.core": {
        "type": "Project"
      }
    },
    "net10.0-windows7.0/win-x64": {}
  }
}